// !$*UTF8*$!
{
	archiveVersion = 1;
	classes = {
	};
	objectVersion = 46;
	objects = {

/* Begin PBXBuildFile section */
		02B710371D951D0F0093ED76 /* main.m in Sources */ = {isa = PBXBuildFile; fileRef = 02B710361D951D0F0093ED76 /* main.m */; };
		02B7103A1D951D0F0093ED76 /* AppDelegate.m in Sources */ = {isa = PBXBuildFile; fileRef = 02B710391D951D0F0093ED76 /* AppDelegate.m */; };
		02B7103D1D951D0F0093ED76 /* ViewController.m in Sources */ = {isa = PBXBuildFile; fileRef = 02B7103C1D951D0F0093ED76 /* ViewController.m */; };
		02B710401D951D0F0093ED76 /* Main.storyboard in Resources */ = {isa = PBXBuildFile; fileRef = 02B7103E1D951D0F0093ED76 /* Main.storyboard */; };
		02B710431D951D0F0093ED76 /* aa.xcdatamodeld in Sources */ = {isa = PBXBuildFile; fileRef = 02B710411D951D0F0093ED76 /* aa.xcdatamodeld */; };
		02B710451D951D0F0093ED76 /* Assets.xcassets in Resources */ = {isa = PBXBuildFile; fileRef = 02B710441D951D0F0093ED76 /* Assets.xcassets */; };
		02B710481D951D0F0093ED76 /* LaunchScreen.storyboard in Resources */ = {isa = PBXBuildFile; fileRef = 02B710461D951D0F0093ED76 /* LaunchScreen.storyboard */; };
		02B710531D951D0F0093ED76 /* aaTests.m in Sources */ = {isa = PBXBuildFile; fileRef = 02B710521D951D0F0093ED76 /* aaTests.m */; };
		02B7105E1D951D0F0093ED76 /* aaUITests.m in Sources */ = {isa = PBXBuildFile; fileRef = 02B7105D1D951D0F0093ED76 /* aaUITests.m */; };
/* End PBXBuildFile section */

/* Begin PBXContainerItemProxy section */
		02B7104F1D951D0F0093ED76 /* PBXContainerItemProxy */ = {
			isa = PBXContainerItemProxy;
			containerPortal = 02B7102A1D951D0F0093ED76 /* Project object */;
			proxyType = 1;
			remoteGlobalIDString = 02B710311D951D0F0093ED76;
			remoteInfo = aa;
		};
		02B7105A1D951D0F0093ED76 /* PBXContainerItemProxy */ = {
			isa = PBXContainerItemProxy;
			containerPortal = 02B7102A1D951D0F0093ED76 /* Project object */;
			proxyType = 1;
			remoteGlobalIDString = 02B710311D951D0F0093ED76;
			remoteInfo = aa;
		};
/* End PBXContainerItemProxy section */

/* Begin PBXFileReference section */
		02B710321D951D0F0093ED76 /* aa.app */ = {isa = PBXFileReference; explicitFileType = wrapper.application; includeInIndex = 0; path = aa.app; sourceTree = BUILT_PRODUCTS_DIR; };
		02B710361D951D0F0093ED76 /* main.m */ = {isa = PBXFileReference; lastKnownFileType = sourcecode.c.objc; path = main.m; sourceTree = "<group>"; };
		02B710381D951D0F0093ED76 /* AppDelegate.h */ = {isa = PBXFileReference; lastKnownFileType = sourcecode.c.h; path = AppDelegate.h; sourceTree = "<group>"; };
		02B710391D951D0F0093ED76 /* AppDelegate.m */ = {isa = PBXFileReference; lastKnownFileType = sourcecode.c.objc; path = AppDelegate.m; sourceTree = "<group>"; };
		02B7103B1D951D0F0093ED76 /* ViewController.h */ = {isa = PBXFileReference; lastKnownFileType = sourcecode.c.h; path = ViewController.h; sourceTree = "<group>"; };
		02B7103C1D951D0F0093ED76 /* ViewController.m */ = {isa = PBXFileReference; lastKnownFileType = sourcecode.c.objc; path = ViewController.m; sourceTree = "<group>"; };
		02B7103F1D951D0F0093ED76 /* Base */ = {isa = PBXFileReference; lastKnownFileType = file.storyboard; name = Base; path = Base.lproj/Main.storyboard; sourceTree = "<group>"; };
		02B710421D951D0F0093ED76 /* aa.xcdatamodel */ = {isa = PBXFileReference; lastKnownFileType = wrapper.xcdatamodel; path = aa.xcdatamodel; sourceTree = "<group>"; };
		02B710441D951D0F0093ED76 /* Assets.xcassets */ = {isa = PBXFileReference; lastKnownFileType = folder.assetcatalog; path = Assets.xcassets; sourceTree = "<group>"; };
		02B710471D951D0F0093ED76 /* Base */ = {isa = PBXFileReference; lastKnownFileType = file.storyboard; name = Base; path = Base.lproj/LaunchScreen.storyboard; sourceTree = "<group>"; };
		02B710491D951D0F0093ED76 /* Info.plist */ = {isa = PBXFileReference; lastKnownFileType = text.plist.xml; path = Info.plist; sourceTree = "<group>"; };
		02B7104E1D951D0F0093ED76 /* aaTests.xctest */ = {isa = PBXFileReference; explicitFileType = wrapper.cfbundle; includeInIndex = 0; path = aaTests.xctest; sourceTree = BUILT_PRODUCTS_DIR; };
		02B710521D951D0F0093ED76 /* aaTests.m */ = {isa = PBXFileReference; lastKnownFileType = sourcecode.c.objc; path = aaTests.m; sourceTree = "<group>"; };
		02B710541D951D0F0093ED76 /* Info.plist */ = {isa = PBXFileReference; lastKnownFileType = text.plist.xml; path = Info.plist; sourceTree = "<group>"; };
		02B710591D951D0F0093ED76 /* aaUITests.xctest */ = {isa = PBXFileReference; explicitFileType = wrapper.cfbundle; includeInIndex = 0; path = aaUITests.xctest; sourceTree = BUILT_PRODUCTS_DIR; };
		02B7105D1D951D0F0093ED76 /* aaUITests.m */ = {isa = PBXFileReference; lastKnownFileType = sourcecode.c.objc; path = aaUITests.m; sourceTree = "<group>"; };
		02B7105F1D951D0F0093ED76 /* Info.plist */ = {isa = PBXFileReference; lastKnownFileType = text.plist.xml; path = Info.plist; sourceTree = "<group>"; };
/* End PBXFileReference section */

/* Begin PBXFrameworksBuildPhase section */
		02B7102F1D951D0F0093ED76 /* Frameworks */ = {
			isa = PBXFrameworksBuildPhase;
			buildActionMask = 2147483647;
			files = (
			);
			runOnlyForDeploymentPostprocessing = 0;
		};
		02B7104B1D951D0F0093ED76 /* Frameworks */ = {
			isa = PBXFrameworksBuildPhase;
			buildActionMask = 2147483647;
			files = (
			);
			runOnlyForDeploymentPostprocessing = 0;
		};
		02B710561D951D0F0093ED76 /* Frameworks */ = {
			isa = PBXFrameworksBuildPhase;
			buildActionMask = 2147483647;
			files = (
			);
			runOnlyForDeploymentPostprocessing = 0;
		};
/* End PBXFrameworksBuildPhase section */

/* Begin PBXGroup section */
		02B710291D951D0F0093ED76 = {
			isa = PBXGroup;
			children = (
				02B710341D951D0F0093ED76 /* aa */,
				02B710511D951D0F0093ED76 /* aaTests */,
				02B7105C1D951D0F0093ED76 /* aaUITests */,
				02B710331D951D0F0093ED76 /* Products */,
			);
			sourceTree = "<group>";
		};
		02B710331D951D0F0093ED76 /* Products */ = {
			isa = PBXGroup;
			children = (
				02B710321D951D0F0093ED76 /* aa.app */,
				02B7104E1D951D0F0093ED76 /* aaTests.xctest */,
				02B710591D951D0F0093ED76 /* aaUITests.xctest */,
			);
			name = Products;
			sourceTree = "<group>";
		};
		02B710341D951D0F0093ED76 /* aa */ = {
			isa = PBXGroup;
			children = (
				02B710381D951D0F0093ED76 /* AppDelegate.h */,
				02B710391D951D0F0093ED76 /* AppDelegate.m */,
				02B7103B1D951D0F0093ED76 /* ViewController.h */,
				02B7103C1D951D0F0093ED76 /* ViewController.m */,
				02B7103E1D951D0F0093ED76 /* Main.storyboard */,
				02B710441D951D0F0093ED76 /* Assets.xcassets */,
				02B710461D951D0F0093ED76 /* LaunchScreen.storyboard */,
				02B710491D951D0F0093ED76 /* Info.plist */,
				02B710411D951D0F0093ED76 /* aa.xcdatamodeld */,
				02B710351D951D0F0093ED76 /* Supporting Files */,
			);
			path = aa;
			sourceTree = "<group>";
		};
		02B710351D951D0F0093ED76 /* Supporting Files */ = {
			isa = PBXGroup;
			children = (
				02B710361D951D0F0093ED76 /* main.m */,
			);
			name = "Supporting Files";
			sourceTree = "<group>";
		};
		02B710511D951D0F0093ED76 /* aaTests */ = {
			isa = PBXGroup;
			children = (
				02B710521D951D0F0093ED76 /* aaTests.m */,
				02B710541D951D0F0093ED76 /* Info.plist */,
			);
			path = aaTests;
			sourceTree = "<group>";
		};
		02B7105C1D951D0F0093ED76 /* aaUITests */ = {
			isa = PBXGroup;
			children = (
				02B7105D1D951D0F0093ED76 /* aaUITests.m */,
				02B7105F1D951D0F0093ED76 /* Info.plist */,
			);
			path = aaUITests;
			sourceTree = "<group>";
		};
/* End PBXGroup section */

/* Begin PBXNativeTarget section */
		02B710311D951D0F0093ED76 /* aa */ = {
			isa = PBXNativeTarget;
			buildConfigurationList = 02B710621D951D0F0093ED76 /* Build configuration list for PBXNativeTarget "aa" */;
			buildPhases = (
				02B7102E1D951D0F0093ED76 /* Sources */,
				02B7102F1D951D0F0093ED76 /* Frameworks */,
				02B710301D951D0F0093ED76 /* Resources */,
			);
			buildRules = (
			);
			dependencies = (
			);
			name = aa;
			productName = aa;
			productReference = 02B710321D951D0F0093ED76 /* aa.app */;
			productType = "com.apple.product-type.application";
		};
		02B7104D1D951D0F0093ED76 /* aaTests */ = {
			isa = PBXNativeTarget;
			buildConfigurationList = 02B710651D951D0F0093ED76 /* Build configuration list for PBXNativeTarget "aaTests" */;
			buildPhases = (
				02B7104A1D951D0F0093ED76 /* Sources */,
				02B7104B1D951D0F0093ED76 /* Frameworks */,
				02B7104C1D951D0F0093ED76 /* Resources */,
			);
			buildRules = (
			);
			dependencies = (
				02B710501D951D0F0093ED76 /* PBXTargetDependency */,
			);
			name = aaTests;
			productName = aaTests;
			productReference = 02B7104E1D951D0F0093ED76 /* aaTests.xctest */;
			productType = "com.apple.product-type.bundle.unit-test";
		};
		02B710581D951D0F0093ED76 /* aaUITests */ = {
			isa = PBXNativeTarget;
			buildConfigurationList = 02B710681D951D0F0093ED76 /* Build configuration list for PBXNativeTarget "aaUITests" */;
			buildPhases = (
				02B710551D951D0F0093ED76 /* Sources */,
				02B710561D951D0F0093ED76 /* Frameworks */,
				02B710571D951D0F0093ED76 /* Resources */,
			);
			buildRules = (
			);
			dependencies = (
				02B7105B1D951D0F0093ED76 /* PBXTargetDependency */,
			);
			name = aaUITests;
			productName = aaUITests;
			productReference = 02B710591D951D0F0093ED76 /* aaUITests.xctest */;
			productType = "com.apple.product-type.bundle.ui-testing";
		};
/* End PBXNativeTarget section */

/* Begin PBXProject section */
		02B7102A1D951D0F0093ED76 /* Project object */ = {
			isa = PBXProject;
			attributes = {
				LastUpgradeCheck = 0730;
				ORGANIZATIONNAME = com.zhangyi;
				TargetAttributes = {
					02B710311D951D0F0093ED76 = {
						CreatedOnToolsVersion = 7.3;
					};
					02B7104D1D951D0F0093ED76 = {
						CreatedOnToolsVersion = 7.3;
						TestTargetID = 02B710311D951D0F0093ED76;
					};
					02B710581D951D0F0093ED76 = {
						CreatedOnToolsVersion = 7.3;
						TestTargetID = 02B710311D951D0F0093ED76;
					};
				};
			};
			buildConfigurationList = 02B7102D1D951D0F0093ED76 /* Build configuration list for PBXProject "aa" */;
			compatibilityVersion = "Xcode 3.2";
			developmentRegion = English;
			hasScannedForEncodings = 0;
			knownRegions = (
				en,
				Base,
			);
			mainGroup = 02B710291D951D0F0093ED76;
			productRefGroup = 02B710331D951D0F0093ED76 /* Products */;
			projectDirPath = "";
			projectRoot = "";
			targets = (
				02B710311D951D0F0093ED76 /* aa */,
				02B7104D1D951D0F0093ED76 /* aaTests */,
				02B710581D951D0F0093ED76 /* aaUITests */,
			);
		};
/* End PBXProject section */

/* Begin PBXResourcesBuildPhase section */
		02B710301D951D0F0093ED76 /* Resources */ = {
			isa = PBXResourcesBuildPhase;
			buildActionMask = 2147483647;
			files = (
				02B710481D951D0F0093ED76 /* LaunchScreen.storyboard in Resources */,
				02B710451D951D0F0093ED76 /* Assets.xcassets in Resources */,
				02B710401D951D0F0093ED76 /* Main.storyboard in Resources */,
			);
			runOnlyForDeploymentPostprocessing = 0;
		};
		02B7104C1D951D0F0093ED76 /* Resources */ = {
			isa = PBXResourcesBuildPhase;
			buildActionMask = 2147483647;
			files = (
			);
			runOnlyForDeploymentPostprocessing = 0;
		};
		02B710571D951D0F0093ED76 /* Resources */ = {
			isa = PBXResourcesBuildPhase;
			buildActionMask = 2147483647;
			files = (
			);
			runOnlyForDeploymentPostprocessing = 0;
		};
/* End PBXResourcesBuildPhase section */

/* Begin PBXSourcesBuildPhase section */
		02B7102E1D951D0F0093ED76 /* Sources */ = {
			isa = PBXSourcesBuildPhase;
			buildActionMask = 2147483647;
			files = (
				02B7103D1D951D0F0093ED76 /* ViewController.m in Sources */,
				02B710431D951D0F0093ED76 /* aa.xcdatamodeld in Sources */,
				02B7103A1D951D0F0093ED76 /* AppDelegate.m in Sources */,
				02B710371D951D0F0093ED76 /* main.m in Sources */,
			);
			runOnlyForDeploymentPostprocessing = 0;
		};
		02B7104A1D951D0F0093ED76 /* Sources */ = {
			isa = PBXSourcesBuildPhase;
			buildActionMask = 2147483647;
			files = (
				02B710531D951D0F0093ED76 /* aaTests.m in Sources */,
			);
			runOnlyForDeploymentPostprocessing = 0;
		};
		02B710551D951D0F0093ED76 /* Sources */ = {
			isa = PBXSourcesBuildPhase;
			buildActionMask = 2147483647;
			files = (
				02B7105E1D951D0F0093ED76 /* aaUITests.m in Sources */,
			);
			runOnlyForDeploymentPostprocessing = 0;
		};
/* End PBXSourcesBuildPhase section */

/* Begin PBXTargetDependency section */
		02B710501D951D0F0093ED76 /* PBXTargetDependency */ = {
			isa = PBXTargetDependency;
			target = 02B710311D951D0F0093ED76 /* aa */;
			targetProxy = 02B7104F1D951D0F0093ED76 /* PBXContainerItemProxy */;
		};
		02B7105B1D951D0F0093ED76 /* PBXTargetDependency */ = {
			isa = PBXTargetDependency;
			target = 02B710311D951D0F0093ED76 /* aa */;
			targetProxy = 02B7105A1D951D0F0093ED76 /* PBXContainerItemProxy */;
		};
/* End PBXTargetDependency section */

/* Begin PBXVariantGroup section */
		02B7103E1D951D0F0093ED76 /* Main.storyboard */ = {
			isa = PBXVariantGroup;
			children = (
				02B7103F1D951D0F0093ED76 /* Base */,
			);
			name = Main.storyboard;
			sourceTree = "<group>";
		};
		02B710461D951D0F0093ED76 /* LaunchScreen.storyboard */ = {
			isa = PBXVariantGroup;
			children = (
				02B710471D951D0F0093ED76 /* Base */,
			);
			name = LaunchScreen.storyboard;
			sourceTree = "<group>";
		};
/* End PBXVariantGroup section */

/* Begin XCBuildConfiguration section */
		02B710601D951D0F0093ED76 /* Debug */ = {
			isa = XCBuildConfiguration;
			buildSettings = {
				ALWAYS_SEARCH_USER_PATHS = NO;
				CLANG_ANALYZER_NONNULL = YES;
				CLANG_CXX_LANGUAGE_STANDARD = "gnu++0x";
				CLANG_CXX_LIBRARY = "libc++";
				CLANG_ENABLE_MODULES = YES;
				CLANG_ENABLE_OBJC_ARC = YES;
				CLANG_WARN_BOOL_CONVERSION = YES;
				CLANG_WARN_CONSTANT_CONVERSION = YES;
				CLANG_WARN_DIRECT_OBJC_ISA_USAGE = YES_ERROR;
				CLANG_WARN_EMPTY_BODY = YES;
				CLANG_WARN_ENUM_CONVERSION = YES;
				CLANG_WARN_INT_CONVERSION = YES;
				CLANG_WARN_OBJC_ROOT_CLASS = YES_ERROR;
				CLANG_WARN_UNREACHABLE_CODE = YES;
				CLANG_WARN__DUPLICATE_METHOD_MATCH = YES;
				"CODE_SIGN_IDENTITY[sdk=iphoneos*]" = "iPhone Developer";
				COPY_PHASE_STRIP = NO;
				DEBUG_INFORMATION_FORMAT = dwarf;
				ENABLE_STRICT_OBJC_MSGSEND = YES;
				ENABLE_TESTABILITY = YES;
				GCC_C_LANGUAGE_STANDARD = gnu99;
				GCC_DYNAMIC_NO_PIC = NO;
				GCC_NO_COMMON_BLOCKS = YES;
				GCC_OPTIMIZATION_LEVEL = 0;
				GCC_PREPROCESSOR_DEFINITIONS = (
					"DEBUG=1",
					"$(inherited)",
				);
				GCC_WARN_64_TO_32_BIT_CONVERSION = YES;
				GCC_WARN_ABOUT_RETURN_TYPE = YES_ERROR;
				GCC_WARN_UNDECLARED_SELECTOR = YES;
				GCC_WARN_UNINITIALIZED_AUTOS = YES_AGGRESSIVE;
				GCC_WARN_UNUSED_FUNCTION = YES;
				GCC_WARN_UNUSED_VARIABLE = YES;
				IPHONEOS_DEPLOYMENT_TARGET = 9.3;
				MTL_ENABLE_DEBUG_INFO = YES;
				ONLY_ACTIVE_ARCH = YES;
				SDKROOT = iphoneos;
			};
			name = Debug;
		};
		02B710611D951D0F0093ED76 /* Release */ = {
			isa = XCBuildConfiguration;
			buildSettings = {
				ALWAYS_SEARCH_USER_PATHS = NO;
				CLANG_ANALYZER_NONNULL = YES;
				CLANG_CXX_LANGUAGE_STANDARD = "gnu++0x";
				CLANG_CXX_LIBRARY = "libc++";
				CLANG_ENABLE_MODULES = YES;
				CLANG_ENABLE_OBJC_ARC = YES;
				CLANG_WARN_BOOL_CONVERSION = YES;
				CLANG_WARN_CONSTANT_CONVERSION = YES;
				CLANG_WARN_DIRECT_OBJC_ISA_USAGE = YES_ERROR;
				CLANG_WARN_EMPTY_BODY = YES;
				CLANG_WARN_ENUM_CONVERSION = YES;
				CLANG_WARN_INT_CONVERSION = YES;
				CLANG_WARN_OBJC_ROOT_CLASS = YES_ERROR;
				CLANG_WARN_UNREACHABLE_CODE = YES;
				CLANG_WARN__DUPLICATE_METHOD_MATCH = YES;
				"CODE_SIGN_IDENTITY[sdk=iphoneos*]" = "iPhone Developer";
				COPY_PHASE_STRIP = NO;
				DEBUG_INFORMATION_FORMAT = "dwarf-with-dsym";
				ENABLE_NS_ASSERTIONS = NO;
				ENABLE_STRICT_OBJC_MSGSEND = YES;
				GCC_C_LANGUAGE_STANDARD = gnu99;
				GCC_NO_COMMON_BLOCKS = YES;
				GCC_WARN_64_TO_32_BIT_CONVERSION = YES;
				GCC_WARN_ABOUT_RETURN_TYPE = YES_ERROR;
				GCC_WARN_UNDECLARED_SELECTOR = YES;
				GCC_WARN_UNINITIALIZED_AUTOS = YES_AGGRESSIVE;
				GCC_WARN_UNUSED_FUNCTION = YES;
				GCC_WARN_UNUSED_VARIABLE = YES;
				IPHONEOS_DEPLOYMENT_TARGET = 9.3;
				MTL_ENABLE_DEBUG_INFO = NO;
				SDKROOT = iphoneos;
				VALIDATE_PRODUCT = YES;
			};
			name = Release;
		};
		02B710631D951D0F0093ED76 /* Debug */ = {
			isa = XCBuildConfiguration;
			buildSettings = {
				ASSETCATALOG_COMPILER_APPICON_NAME = AppIcon;
				INFOPLIST_FILE = aa/Info.plist;
				LD_RUNPATH_SEARCH_PATHS = "$(inherited) @executable_path/Frameworks";
				PRODUCT_BUNDLE_IDENTIFIER = ZY.aa;
				PRODUCT_NAME = "$(TARGET_NAME)";
			};
			name = Debug;
		};
		02B710641D951D0F0093ED76 /* Release */ = {
			isa = XCBuildConfiguration;
			buildSettings = {
				ASSETCATALOG_COMPILER_APPICON_NAME = AppIcon;
				INFOPLIST_FILE = aa/Info.plist;
				LD_RUNPATH_SEARCH_PATHS = "$(inherited) @executable_path/Frameworks";
				PRODUCT_BUNDLE_IDENTIFIER = ZY.aa;
				PRODUCT_NAME = "$(TARGET_NAME)";
			};
			name = Release;
		};
		02B710661D951D0F0093ED76 /* Debug */ = {
			isa = XCBuildConfiguration;
			buildSettings = {
				BUNDLE_LOADER = "$(TEST_HOST)";
				INFOPLIST_FILE = aaTests/Info.plist;
				LD_RUNPATH_SEARCH_PATHS = "$(inherited) @executable_path/Frameworks @loader_path/Frameworks";
				PRODUCT_BUNDLE_IDENTIFIER = ZY.aaTests;
				PRODUCT_NAME = "$(TARGET_NAME)";
				TEST_HOST = "$(BUILT_PRODUCTS_DIR)/aa.app/aa";
			};
			name = Debug;
		};
		02B710671D951D0F0093ED76 /* Release */ = {
			isa = XCBuildConfiguration;
			buildSettings = {
				BUNDLE_LOADER = "$(TEST_HOST)";
				INFOPLIST_FILE = aaTests/Info.plist;
				LD_RUNPATH_SEARCH_PATHS = "$(inherited) @executable_path/Frameworks @loader_path/Frameworks";
				PRODUCT_BUNDLE_IDENTIFIER = ZY.aaTests;
				PRODUCT_NAME = "$(TARGET_NAME)";
				TEST_HOST = "$(BUILT_PRODUCTS_DIR)/aa.app/aa";
			};
			name = Release;
		};
		02B710691D951D0F0093ED76 /* Debug */ = {
			isa = XCBuildConfiguration;
			buildSettings = {
				INFOPLIST_FILE = aaUITests/Info.plist;
				LD_RUNPATH_SEARCH_PATHS = "$(inherited) @executable_path/Frameworks @loader_path/Frameworks";
				PRODUCT_BUNDLE_IDENTIFIER = ZY.aaUITests;
				PRODUCT_NAME = "$(TARGET_NAME)";
				TEST_TARGET_NAME = aa;
			};
			name = Debug;
		};
		02B7106A1D951D0F0093ED76 /* Release */ = {
			isa = XCBuildConfiguration;
			buildSettings = {
				INFOPLIST_FILE = aaUITests/Info.plist;
				LD_RUNPATH_SEARCH_PATHS = "$(inherited) @executable_path/Frameworks @loader_path/Frameworks";
				PRODUCT_BUNDLE_IDENTIFIER = ZY.aaUITests;
				PRODUCT_NAME = "$(TARGET_NAME)";
				TEST_TARGET_NAME = aa;
			};
			name = Release;
		};
/* End XCBuildConfiguration section */

/* Begin XCConfigurationList section */
		02B7102D1D951D0F0093ED76 /* Build configuration list for PBXProject "aa" */ = {
			isa = XCConfigurationList;
			buildConfigurations = (
				02B710601D951D0F0093ED76 /* Debug */,
				02B710611D951D0F0093ED76 /* Release */,
			);
			defaultConfigurationIsVisible = 0;
			defaultConfigurationName = Release;
		};
		02B710621D951D0F0093ED76 /* Build configuration list for PBXNativeTarget "aa" */ = {
			isa = XCConfigurationList;
			buildConfigurations = (
				02B710631D951D0F0093ED76 /* Debug */,
				02B710641D951D0F0093ED76 /* Release */,
			);
			defaultConfigurationIsVisible = 0;
		};
		02B710651D951D0F0093ED76 /* Build configuration list for PBXNativeTarget "aaTests" */ = {
			isa = XCConfigurationList;
			buildConfigurations = (
				02B710661D951D0F0093ED76 /* Debug */,
				02B710671D951D0F0093ED76 /* Release */,
			);
			defaultConfigurationIsVisible = 0;
		};
		02B710681D951D0F0093ED76 /* Build configuration list for PBXNativeTarget "aaUITests" */ = {
			isa = XCConfigurationList;
			buildConfigurations = (
				02B710691D951D0F0093ED76 /* Debug */,
				02B7106A1D951D0F0093ED76 /* Release */,
			);
			defaultConfigurationIsVisible = 0;
		};
/* End XCConfigurationList section */

/* Begin XCVersionGroup section */
		02B710411D951D0F0093ED76 /* aa.xcdatamodeld */ = {
			isa = XCVersionGroup;
			children = (
				02B710421D951D0F0093ED76 /* aa.xcdatamodel */,
			);
			currentVersion = 02B710421D951D0F0093ED76 /* aa.xcdatamodel */;
			path = aa.xcdatamodeld;
			sourceTree = "<group>";
			versionGroupType = wrapper.xcdatamodel;
		};
/* End XCVersionGroup section */
	};
	rootObject = 02B7102A1D951D0F0093ED76 /* Project object */;
}
